
Microsoft Visual Studio Solution File, Format Version 12.00
# Visual Studio Version 17
VisualStudioVersion = 17.1.32421.90
MinimumVisualStudioVersion = 10.0.40219.1
Project("{9A19103F-16F7-4668-BE54-9A1E7A4F7556}") = "MvcProjeKampii", "MvcProjeKampii.csproj", "{1962D4C2-1F82-4043-816C-CBBD5FFFA082}"
EndProject
Project("{9A19103F-16F7-4668-BE54-9A1E7A4F7556}") = "EntityLayer", "..\EntityLayer\EntityLayer.csproj", "{0778F98E-0DBF-46CF-AD9F-3ACB705DD343}"
EndProject
Project("{9A19103F-16F7-4668-BE54-9A1E7A4F7556}") = "DataAccessLayer", "..\DataAccessLayer\DataAccessLayer.csproj", "{7B2EA8D9-9405-41B2-A224-4B8C984B69DF}"
EndProject
Project("{9A19103F-16F7-4668-BE54-9A1E7A4F7556}") = "BusinessLayer", "..\BusinessLayer\BusinessLayer.csproj", "{F1025775-95B6-456A-8895-CB2288C8ECF5}"
EndProject
Global
	GlobalSection(SolutionConfigurationPlatforms) = preSolution
		Debug|Any CPU = Debug|Any CPU
		Release|Any CPU = Release|Any CPU
	EndGlobalSection
	GlobalSection(ProjectConfigurationPlatforms) = postSolution
		{1962D4C2-1F82-4043-816C-CBBD5FFFA082}.Debug|Any CPU.ActiveCfg = Debug|Any CPU
		{1962D4C2-1F82-4043-816C-CBBD5FFFA082}.Debug|Any CPU.Build.0 = Debug|Any CPU
		{1962D4C2-1F82-4043-816C-CBBD5FFFA082}.Release|Any CPU.ActiveCfg = Release|Any CPU
		{1962D4C2-1F82-4043-816C-CBBD5FFFA082}.Release|Any CPU.Build.0 = Release|Any CPU
		{0778F98E-0DBF-46CF-AD9F-3ACB705DD343}.Debug|Any CPU.ActiveCfg = Debug|Any CPU
		{0778F98E-0DBF-46CF-AD9F-3ACB705DD343}.Debug|Any CPU.Build.0 = Debug|Any CPU
		{0778F98E-0DBF-46CF-AD9F-3ACB705DD343}.Release|Any CPU.ActiveCfg = Release|Any CPU
		{0778F98E-0DBF-46CF-AD9F-3ACB705DD343}.Release|Any CPU.Build.0 = Release|Any CPU
		{7B2EA8D9-9405-41B2-A224-4B8C984B69DF}.Debug|Any CPU.ActiveCfg = Debug|Any CPU
		{7B2EA8D9-9405-41B2-A224-4B8C984B69DF}.Debug|Any CPU.Build.0 = Debug|Any CPU
		{7B2EA8D9-9405-41B2-A224-4B8C984B69DF}.Release|Any CPU.ActiveCfg = Release|Any CPU
		{7B2EA8D9-9405-41B2-A224-4B8C984B69DF}.Release|Any CPU.Build.0 = Release|Any CPU
		{F1025775-95B6-456A-8895-CB2288C8ECF5}.Debug|Any CPU.ActiveCfg = Debug|Any CPU
		{F1025775-95B6-456A-8895-CB2288C8ECF5}.Debug|Any CPU.Build.0 = Debug|Any CPU
		{F1025775-95B6-456A-8895-CB2288C8ECF5}.Release|Any CPU.ActiveCfg = Release|Any CPU
		{F1025775-95B6-456A-8895-CB2288C8ECF5}.Release|Any CPU.Build.0 = Release|Any CPU
	EndGlobalSection
	GlobalSection(SolutionProperties) = preSolution
		HideSolutionNode = FALSE
	EndGlobalSection
	GlobalSection(ExtensibilityGlobals) = postSolution
		SolutionGuid = {080E8523-F809-4633-86E6-AB9ACE601E78}
	EndGlobalSection
EndGlobal
